
Microsoft Visual Studio Solution File, Format Version 12.00
# Visual Studio Version 16
VisualStudioVersion = 16.0.31005.135
MinimumVisualStudioVersion = 10.0.40219.1
Project("{FAE04EC0-301F-11D3-BF4B-00C04F79EFBC}") = "EventsFriday", "EventsFriday\EventsFriday.csproj", "{4A5C89A9-ABC6-46F4-AB04-D36E8B5AE586}"
EndProject
Global
	GlobalSection(SolutionConfigurationPlatforms) = preSolution
		Debug|Any CPU = Debug|Any CPU
		Release|Any CPU = Release|Any CPU
	EndGlobalSection
	GlobalSection(ProjectConfigurationPlatforms) = postSolution
		{4A5C89A9-ABC6-46F4-AB04-D36E8B5AE586}.Debug|Any CPU.ActiveCfg = Debug|Any CPU
		{4A5C89A9-ABC6-46F4-AB04-D36E8B5AE586}.Debug|Any CPU.Build.0 = Debug|Any CPU
		{4A5C89A9-ABC6-46F4-AB04-D36E8B5AE586}.Release|Any CPU.ActiveCfg = Release|Any CPU
		{4A5C89A9-ABC6-46F4-AB04-D36E8B5AE586}.Release|Any CPU.Build.0 = Release|Any CPU
	EndGlobalSection
	GlobalSection(SolutionProperties) = preSolution
		HideSolutionNode = FALSE
	EndGlobalSection
	GlobalSection(ExtensibilityGlobals) = postSolution
		SolutionGuid = {69A4ABF3-F34A-4C73-8063-F9F54864F4B0}
	EndGlobalSection
EndGlobal
